# This file was autogenerated by Stack.
# You should not edit this file by hand.
# For more information, please see the documentation at:
#   https://docs.haskellstack.org/en/stable/topics/lock_files

packages:
- completed:
    hackage: rel8-1.6.0.0@sha256:d98cf20ca2b7f0acc59a1a3bc4bbefa4c3ebc6330270b13216a9780a1730116a,6553
    pantry-tree:
      sha256: 0f7aa321bf3578ce08d9b155dda70c6b26c3fef36a4eedebe2ebf4e5299bfad8
      size: 10924
  original:
    hackage: rel8-1.6.0.0
- completed:
    hackage: base16-1.0@sha256:4dd341228168f2cde03954dd72175ee726a0713e2200f6c7b73f4cd8d2207377,2649
    pantry-tree:
      sha256: c027482fbdf3a73521045dd34d6013a8722e73b1ecb9e56f90328a0eda4d46fd
      size: 1457
  original:
    hackage: base16-1.0
snapshots:
- completed:
    sha256: a81fb3877c4f9031e1325eb3935122e608d80715dc16b586eb11ddbff8671ecd
    size: 640086
    url: https://raw.githubusercontent.com/commercialhaskell/stackage-snapshots/master/lts/21/25.yaml
  original: lts-21.25
